
Microsoft Visual Studio Solution File, Format Version 12.00
# Visual Studio Version 16
VisualStudioVersion = 16.0.30503.244
MinimumVisualStudioVersion = 10.0.40219.1
Project("{FAE04EC0-301F-11D3-BF4B-00C04F79EFBC}") = "DealSqare", "DealSqare\DealSqare.csproj", "{21F5F615-9679-4BCF-8562-2F49BB3873E7}"
EndProject
Global
	GlobalSection(SolutionConfigurationPlatforms) = preSolution
		Debug|Any CPU = Debug|Any CPU
		Release|Any CPU = Release|Any CPU
	EndGlobalSection
	GlobalSection(ProjectConfigurationPlatforms) = postSolution
		{21F5F615-9679-4BCF-8562-2F49BB3873E7}.Debug|Any CPU.ActiveCfg = Debug|Any CPU
		{21F5F615-9679-4BCF-8562-2F49BB3873E7}.Debug|Any CPU.Build.0 = Debug|Any CPU
		{21F5F615-9679-4BCF-8562-2F49BB3873E7}.Release|Any CPU.ActiveCfg = Release|Any CPU
		{21F5F615-9679-4BCF-8562-2F49BB3873E7}.Release|Any CPU.Build.0 = Release|Any CPU
	EndGlobalSection
	GlobalSection(SolutionProperties) = preSolution
		HideSolutionNode = FALSE
	EndGlobalSection
	GlobalSection(ExtensibilityGlobals) = postSolution
		SolutionGuid = {262F3A6A-03AB-4887-9749-3DB4E0D3148A}
	EndGlobalSection
EndGlobal
